// !$*UTF8*$!
{
	archiveVersion = 1;
	classes = {
	};
	objectVersion = 46;
	objects = {

/* Begin PBXBuildFile section */
		57414B7F4973737FE9C1BFC2 /* libPods-CongRequest.a in Frameworks */ = {isa = PBXBuildFile; fileRef = 2CB3D6DC07A7FF2914D9F9C5 /* libPods-CongRequest.a */; };
		F4873F4A1BC619C90055B71F /* main.m in Sources */ = {isa = PBXBuildFile; fileRef = F4873F491BC619C90055B71F /* main.m */; };
		F4873F4D1BC619C90055B71F /* AppDelegate.m in Sources */ = {isa = PBXBuildFile; fileRef = F4873F4C1BC619C90055B71F /* AppDelegate.m */; };
		F4873F501BC619C90055B71F /* ViewController.m in Sources */ = {isa = PBXBuildFile; fileRef = F4873F4F1BC619C90055B71F /* ViewController.m */; };
		F4873F531BC619C90055B71F /* Main.storyboard in Resources */ = {isa = PBXBuildFile; fileRef = F4873F511BC619C90055B71F /* Main.storyboard */; };
		F4873F551BC619C90055B71F /* Assets.xcassets in Resources */ = {isa = PBXBuildFile; fileRef = F4873F541BC619C90055B71F /* Assets.xcassets */; };
		F4873F581BC619C90055B71F /* LaunchScreen.storyboard in Resources */ = {isa = PBXBuildFile; fileRef = F4873F561BC619C90055B71F /* LaunchScreen.storyboard */; };
		F4873F631BC619C90055B71F /* CongRequestTests.m in Sources */ = {isa = PBXBuildFile; fileRef = F4873F621BC619C90055B71F /* CongRequestTests.m */; };
		F4873F6E1BC619C90055B71F /* CongRequestUITests.m in Sources */ = {isa = PBXBuildFile; fileRef = F4873F6D1BC619C90055B71F /* CongRequestUITests.m */; };
		F4B656921BC6814A00EF1133 /* WeatherApi.m in Sources */ = {isa = PBXBuildFile; fileRef = F4B656911BC6814A00EF1133 /* WeatherApi.m */; settings = {ASSET_TAGS = (); }; };
/* End PBXBuildFile section */

/* Begin PBXContainerItemProxy section */
		F4873F5F1BC619C90055B71F /* PBXContainerItemProxy */ = {
			isa = PBXContainerItemProxy;
			containerPortal = F4873F3D1BC619C90055B71F /* Project object */;
			proxyType = 1;
			remoteGlobalIDString = F4873F441BC619C90055B71F;
			remoteInfo = CongRequest;
		};
		F4873F6A1BC619C90055B71F /* PBXContainerItemProxy */ = {
			isa = PBXContainerItemProxy;
			containerPortal = F4873F3D1BC619C90055B71F /* Project object */;
			proxyType = 1;
			remoteGlobalIDString = F4873F441BC619C90055B71F;
			remoteInfo = CongRequest;
		};
/* End PBXContainerItemProxy section */

/* Begin PBXFileReference section */
		2CB3D6DC07A7FF2914D9F9C5 /* libPods-CongRequest.a */ = {isa = PBXFileReference; explicitFileType = archive.ar; includeInIndex = 0; path = "libPods-CongRequest.a"; sourceTree = BUILT_PRODUCTS_DIR; };
		69FD6C2E6D8E5CE1681A35CF /* Pods-CongRequest.release.xcconfig */ = {isa = PBXFileReference; includeInIndex = 1; lastKnownFileType = text.xcconfig; name = "Pods-CongRequest.release.xcconfig"; path = "Pods/Target Support Files/Pods-CongRequest/Pods-CongRequest.release.xcconfig"; sourceTree = "<group>"; };
		D38A7850B48F8E5E161F226F /* Pods-CongRequest.debug.xcconfig */ = {isa = PBXFileReference; includeInIndex = 1; lastKnownFileType = text.xcconfig; name = "Pods-CongRequest.debug.xcconfig"; path = "Pods/Target Support Files/Pods-CongRequest/Pods-CongRequest.debug.xcconfig"; sourceTree = "<group>"; };
		F4873F451BC619C90055B71F /* CongRequest.app */ = {isa = PBXFileReference; explicitFileType = wrapper.application; includeInIndex = 0; path = CongRequest.app; sourceTree = BUILT_PRODUCTS_DIR; };
		F4873F491BC619C90055B71F /* main.m */ = {isa = PBXFileReference; lastKnownFileType = sourcecode.c.objc; path = main.m; sourceTree = "<group>"; };
		F4873F4B1BC619C90055B71F /* AppDelegate.h */ = {isa = PBXFileReference; lastKnownFileType = sourcecode.c.h; path = AppDelegate.h; sourceTree = "<group>"; };
		F4873F4C1BC619C90055B71F /* AppDelegate.m */ = {isa = PBXFileReference; lastKnownFileType = sourcecode.c.objc; path = AppDelegate.m; sourceTree = "<group>"; };
		F4873F4E1BC619C90055B71F /* ViewController.h */ = {isa = PBXFileReference; lastKnownFileType = sourcecode.c.h; path = ViewController.h; sourceTree = "<group>"; };
		F4873F4F1BC619C90055B71F /* ViewController.m */ = {isa = PBXFileReference; lastKnownFileType = sourcecode.c.objc; path = ViewController.m; sourceTree = "<group>"; };
		F4873F521BC619C90055B71F /* Base */ = {isa = PBXFileReference; lastKnownFileType = file.storyboard; name = Base; path = Base.lproj/Main.storyboard; sourceTree = "<group>"; };
		F4873F541BC619C90055B71F /* Assets.xcassets */ = {isa = PBXFileReference; lastKnownFileType = folder.assetcatalog; path = Assets.xcassets; sourceTree = "<group>"; };
		F4873F571BC619C90055B71F /* Base */ = {isa = PBXFileReference; lastKnownFileType = file.storyboard; name = Base; path = Base.lproj/LaunchScreen.storyboard; sourceTree = "<group>"; };
		F4873F591BC619C90055B71F /* Info.plist */ = {isa = PBXFileReference; lastKnownFileType = text.plist.xml; path = Info.plist; sourceTree = "<group>"; };
		F4873F5E1BC619C90055B71F /* CongRequestTests.xctest */ = {isa = PBXFileReference; explicitFileType = wrapper.cfbundle; includeInIndex = 0; path = CongRequestTests.xctest; sourceTree = BUILT_PRODUCTS_DIR; };
		F4873F621BC619C90055B71F /* CongRequestTests.m */ = {isa = PBXFileReference; lastKnownFileType = sourcecode.c.objc; path = CongRequestTests.m; sourceTree = "<group>"; };
		F4873F641BC619C90055B71F /* Info.plist */ = {isa = PBXFileReference; lastKnownFileType = text.plist.xml; path = Info.plist; sourceTree = "<group>"; };
		F4873F691BC619C90055B71F /* CongRequestUITests.xctest */ = {isa = PBXFileReference; explicitFileType = wrapper.cfbundle; includeInIndex = 0; path = CongRequestUITests.xctest; sourceTree = BUILT_PRODUCTS_DIR; };
		F4873F6D1BC619C90055B71F /* CongRequestUITests.m */ = {isa = PBXFileReference; lastKnownFileType = sourcecode.c.objc; path = CongRequestUITests.m; sourceTree = "<group>"; };
		F4873F6F1BC619C90055B71F /* Info.plist */ = {isa = PBXFileReference; lastKnownFileType = text.plist.xml; path = Info.plist; sourceTree = "<group>"; };
		F4B656901BC6814A00EF1133 /* WeatherApi.h */ = {isa = PBXFileReference; fileEncoding = 4; lastKnownFileType = sourcecode.c.h; path = WeatherApi.h; sourceTree = "<group>"; };
		F4B656911BC6814A00EF1133 /* WeatherApi.m */ = {isa = PBXFileReference; fileEncoding = 4; lastKnownFileType = sourcecode.c.objc; path = WeatherApi.m; sourceTree = "<group>"; };
/* End PBXFileReference section */

/* Begin PBXFrameworksBuildPhase section */
		F4873F421BC619C90055B71F /* Frameworks */ = {
			isa = PBXFrameworksBuildPhase;
			buildActionMask = 2147483647;
			files = (
				57414B7F4973737FE9C1BFC2 /* libPods-CongRequest.a in Frameworks */,
			);
			runOnlyForDeploymentPostprocessing = 0;
		};
		F4873F5B1BC619C90055B71F /* Frameworks */ = {
			isa = PBXFrameworksBuildPhase;
			buildActionMask = 2147483647;
			files = (
			);
			runOnlyForDeploymentPostprocessing = 0;
		};
		F4873F661BC619C90055B71F /* Frameworks */ = {
			isa = PBXFrameworksBuildPhase;
			buildActionMask = 2147483647;
			files = (
			);
			runOnlyForDeploymentPostprocessing = 0;
		};
/* End PBXFrameworksBuildPhase section */

/* Begin PBXGroup section */
		03FA49FF52EC3489034DDF02 /* Pods */ = {
			isa = PBXGroup;
			children = (
				D38A7850B48F8E5E161F226F /* Pods-CongRequest.debug.xcconfig */,
				69FD6C2E6D8E5CE1681A35CF /* Pods-CongRequest.release.xcconfig */,
			);
			name = Pods;
			sourceTree = "<group>";
		};
		8DDDA61D01AAE2654DC9C92F /* Frameworks */ = {
			isa = PBXGroup;
			children = (
				2CB3D6DC07A7FF2914D9F9C5 /* libPods-CongRequest.a */,
			);
			name = Frameworks;
			sourceTree = "<group>";
		};
		F4873F3C1BC619C90055B71F = {
			isa = PBXGroup;
			children = (
				F4873F471BC619C90055B71F /* CongRequest */,
				F4873F611BC619C90055B71F /* CongRequestTests */,
				F4873F6C1BC619C90055B71F /* CongRequestUITests */,
				F4873F461BC619C90055B71F /* Products */,
				03FA49FF52EC3489034DDF02 /* Pods */,
				8DDDA61D01AAE2654DC9C92F /* Frameworks */,
			);
			sourceTree = "<group>";
		};
		F4873F461BC619C90055B71F /* Products */ = {
			isa = PBXGroup;
			children = (
				F4873F451BC619C90055B71F /* CongRequest.app */,
				F4873F5E1BC619C90055B71F /* CongRequestTests.xctest */,
				F4873F691BC619C90055B71F /* CongRequestUITests.xctest */,
			);
			name = Products;
			sourceTree = "<group>";
		};
		F4873F471BC619C90055B71F /* CongRequest */ = {
			isa = PBXGroup;
			children = (
				F4873F4B1BC619C90055B71F /* AppDelegate.h */,
				F4873F4C1BC619C90055B71F /* AppDelegate.m */,
				F4873F4E1BC619C90055B71F /* ViewController.h */,
				F4873F4F1BC619C90055B71F /* ViewController.m */,
				F4B656901BC6814A00EF1133 /* WeatherApi.h */,
				F4B656911BC6814A00EF1133 /* WeatherApi.m */,
				F4873F511BC619C90055B71F /* Main.storyboard */,
				F4873F541BC619C90055B71F /* Assets.xcassets */,
				F4873F561BC619C90055B71F /* LaunchScreen.storyboard */,
				F4873F591BC619C90055B71F /* Info.plist */,
				F4873F481BC619C90055B71F /* Supporting Files */,
			);
			path = CongRequest;
			sourceTree = "<group>";
		};
		F4873F481BC619C90055B71F /* Supporting Files */ = {
			isa = PBXGroup;
			children = (
				F4873F491BC619C90055B71F /* main.m */,
			);
			name = "Supporting Files";
			sourceTree = "<group>";
		};
		F4873F611BC619C90055B71F /* CongRequestTests */ = {
			isa = PBXGroup;
			children = (
				F4873F621BC619C90055B71F /* CongRequestTests.m */,
				F4873F641BC619C90055B71F /* Info.plist */,
			);
			path = CongRequestTests;
			sourceTree = "<group>";
		};
		F4873F6C1BC619C90055B71F /* CongRequestUITests */ = {
			isa = PBXGroup;
			children = (
				F4873F6D1BC619C90055B71F /* CongRequestUITests.m */,
				F4873F6F1BC619C90055B71F /* Info.plist */,
			);
			path = CongRequestUITests;
			sourceTree = "<group>";
		};
/* End PBXGroup section */

/* Begin PBXNativeTarget section */
		F4873F441BC619C90055B71F /* CongRequest */ = {
			isa = PBXNativeTarget;
			buildConfigurationList = F4873F721BC619C90055B71F /* Build configuration list for PBXNativeTarget "CongRequest" */;
			buildPhases = (
				4C14B4C937BAEBB7A1DBB250 /* Check Pods Manifest.lock */,
				F4873F411BC619C90055B71F /* Sources */,
				F4873F421BC619C90055B71F /* Frameworks */,
				F4873F431BC619C90055B71F /* Resources */,
				E8D969852D311D8257CA26CD /* Copy Pods Resources */,
			);
			buildRules = (
			);
			dependencies = (
			);
			name = CongRequest;
			productName = CongRequest;
			productReference = F4873F451BC619C90055B71F /* CongRequest.app */;
			productType = "com.apple.product-type.application";
		};
		F4873F5D1BC619C90055B71F /* CongRequestTests */ = {
			isa = PBXNativeTarget;
			buildConfigurationList = F4873F751BC619C90055B71F /* Build configuration list for PBXNativeTarget "CongRequestTests" */;
			buildPhases = (
				F4873F5A1BC619C90055B71F /* Sources */,
				F4873F5B1BC619C90055B71F /* Frameworks */,
				F4873F5C1BC619C90055B71F /* Resources */,
			);
			buildRules = (
			);
			dependencies = (
				F4873F601BC619C90055B71F /* PBXTargetDependency */,
			);
			name = CongRequestTests;
			productName = CongRequestTests;
			productReference = F4873F5E1BC619C90055B71F /* CongRequestTests.xctest */;
			productType = "com.apple.product-type.bundle.unit-test";
		};
		F4873F681BC619C90055B71F /* CongRequestUITests */ = {
			isa = PBXNativeTarget;
			buildConfigurationList = F4873F781BC619C90055B71F /* Build configuration list for PBXNativeTarget "CongRequestUITests" */;
			buildPhases = (
				F4873F651BC619C90055B71F /* Sources */,
				F4873F661BC619C90055B71F /* Frameworks */,
				F4873F671BC619C90055B71F /* Resources */,
			);
			buildRules = (
			);
			dependencies = (
				F4873F6B1BC619C90055B71F /* PBXTargetDependency */,
			);
			name = CongRequestUITests;
			productName = CongRequestUITests;
			productReference = F4873F691BC619C90055B71F /* CongRequestUITests.xctest */;
			productType = "com.apple.product-type.bundle.ui-testing";
		};
/* End PBXNativeTarget section */

/* Begin PBXProject section */
		F4873F3D1BC619C90055B71F /* Project object */ = {
			isa = PBXProject;
			attributes = {
				LastUpgradeCheck = 0700;
				ORGANIZATIONNAME = cong;
				TargetAttributes = {
					F4873F441BC619C90055B71F = {
						CreatedOnToolsVersion = 7.0.1;
					};
					F4873F5D1BC619C90055B71F = {
						CreatedOnToolsVersion = 7.0.1;
						TestTargetID = F4873F441BC619C90055B71F;
					};
					F4873F681BC619C90055B71F = {
						CreatedOnToolsVersion = 7.0.1;
						TestTargetID = F4873F441BC619C90055B71F;
					};
				};
			};
			buildConfigurationList = F4873F401BC619C90055B71F /* Build configuration list for PBXProject "CongRequest" */;
			compatibilityVersion = "Xcode 3.2";
			developmentRegion = English;
			hasScannedForEncodings = 0;
			knownRegions = (
				en,
				Base,
			);
			mainGroup = F4873F3C1BC619C90055B71F;
			productRefGroup = F4873F461BC619C90055B71F /* Products */;
			projectDirPath = "";
			projectRoot = "";
			targets = (
				F4873F441BC619C90055B71F /* CongRequest */,
				F4873F5D1BC619C90055B71F /* CongRequestTests */,
				F4873F681BC619C90055B71F /* CongRequestUITests */,
			);
		};
/* End PBXProject section */

/* Begin PBXResourcesBuildPhase section */
		F4873F431BC619C90055B71F /* Resources */ = {
			isa = PBXResourcesBuildPhase;
			buildActionMask = 2147483647;
			files = (
				F4873F581BC619C90055B71F /* LaunchScreen.storyboard in Resources */,
				F4873F551BC619C90055B71F /* Assets.xcassets in Resources */,
				F4873F531BC619C90055B71F /* Main.storyboard in Resources */,
			);
			runOnlyForDeploymentPostprocessing = 0;
		};
		F4873F5C1BC619C90055B71F /* Resources */ = {
			isa = PBXResourcesBuildPhase;
			buildActionMask = 2147483647;
			files = (
			);
			runOnlyForDeploymentPostprocessing = 0;
		};
		F4873F671BC619C90055B71F /* Resources */ = {
			isa = PBXResourcesBuildPhase;
			buildActionMask = 2147483647;
			files = (
			);
			runOnlyForDeploymentPostprocessing = 0;
		};
/* End PBXResourcesBuildPhase section */

/* Begin PBXShellScriptBuildPhase section */
		4C14B4C937BAEBB7A1DBB250 /* Check Pods Manifest.lock */ = {
			isa = PBXShellScriptBuildPhase;
			buildActionMask = 2147483647;
			files = (
			);
			inputPaths = (
			);
			name = "Check Pods Manifest.lock";
			outputPaths = (
			);
			runOnlyForDeploymentPostprocessing = 0;
			shellPath = /bin/sh;
			shellScript = "diff \"${PODS_ROOT}/../Podfile.lock\" \"${PODS_ROOT}/Manifest.lock\" > /dev/null\nif [[ $? != 0 ]] ; then\n    cat << EOM\nerror: The sandbox is not in sync with the Podfile.lock. Run 'pod install' or update your CocoaPods installation.\nEOM\n    exit 1\nfi\n";
			showEnvVarsInLog = 0;
		};
		E8D969852D311D8257CA26CD /* Copy Pods Resources */ = {
			isa = PBXShellScriptBuildPhase;
			buildActionMask = 2147483647;
			files = (
			);
			inputPaths = (
			);
			name = "Copy Pods Resources";
			outputPaths = (
			);
			runOnlyForDeploymentPostprocessing = 0;
			shellPath = /bin/sh;
			shellScript = "\"${SRCROOT}/Pods/Target Support Files/Pods-CongRequest/Pods-CongRequest-resources.sh\"\n";
			showEnvVarsInLog = 0;
		};
/* End PBXShellScriptBuildPhase section */

/* Begin PBXSourcesBuildPhase section */
		F4873F411BC619C90055B71F /* Sources */ = {
			isa = PBXSourcesBuildPhase;
			buildActionMask = 2147483647;
			files = (
				F4873F501BC619C90055B71F /* ViewController.m in Sources */,
				F4873F4D1BC619C90055B71F /* AppDelegate.m in Sources */,
				F4B656921BC6814A00EF1133 /* WeatherApi.m in Sources */,
				F4873F4A1BC619C90055B71F /* main.m in Sources */,
			);
			runOnlyForDeploymentPostprocessing = 0;
		};
		F4873F5A1BC619C90055B71F /* Sources */ = {
			isa = PBXSourcesBuildPhase;
			buildActionMask = 2147483647;
			files = (
				F4873F631BC619C90055B71F /* CongRequestTests.m in Sources */,
			);
			runOnlyForDeploymentPostprocessing = 0;
		};
		F4873F651BC619C90055B71F /* Sources */ = {
			isa = PBXSourcesBuildPhase;
			buildActionMask = 2147483647;
			files = (
				F4873F6E1BC619C90055B71F /* CongRequestUITests.m in Sources */,
			);
			runOnlyForDeploymentPostprocessing = 0;
		};
/* End PBXSourcesBuildPhase section */

/* Begin PBXTargetDependency section */
		F4873F601BC619C90055B71F /* PBXTargetDependency */ = {
			isa = PBXTargetDependency;
			target = F4873F441BC619C90055B71F /* CongRequest */;
			targetProxy = F4873F5F1BC619C90055B71F /* PBXContainerItemProxy */;
		};
		F4873F6B1BC619C90055B71F /* PBXTargetDependency */ = {
			isa = PBXTargetDependency;
			target = F4873F441BC619C90055B71F /* CongRequest */;
			targetProxy = F4873F6A1BC619C90055B71F /* PBXContainerItemProxy */;
		};
/* End PBXTargetDependency section */

/* Begin PBXVariantGroup section */
		F4873F511BC619C90055B71F /* Main.storyboard */ = {
			isa = PBXVariantGroup;
			children = (
				F4873F521BC619C90055B71F /* Base */,
			);
			name = Main.storyboard;
			sourceTree = "<group>";
		};
		F4873F561BC619C90055B71F /* LaunchScreen.storyboard */ = {
			isa = PBXVariantGroup;
			children = (
				F4873F571BC619C90055B71F /* Base */,
			);
			name = LaunchScreen.storyboard;
			sourceTree = "<group>";
		};
/* End PBXVariantGroup section */

/* Begin XCBuildConfiguration section */
		F4873F701BC619C90055B71F /* Debug */ = {
			isa = XCBuildConfiguration;
			buildSettings = {
				ALWAYS_SEARCH_USER_PATHS = NO;
				CLANG_CXX_LANGUAGE_STANDARD = "gnu++0x";
				CLANG_CXX_LIBRARY = "libc++";
				CLANG_ENABLE_MODULES = YES;
				CLANG_ENABLE_OBJC_ARC = YES;
				CLANG_WARN_BOOL_CONVERSION = YES;
				CLANG_WARN_CONSTANT_CONVERSION = YES;
				CLANG_WARN_DIRECT_OBJC_ISA_USAGE = YES_ERROR;
				CLANG_WARN_EMPTY_BODY = YES;
				CLANG_WARN_ENUM_CONVERSION = YES;
				CLANG_WARN_INT_CONVERSION = YES;
				CLANG_WARN_OBJC_ROOT_CLASS = YES_ERROR;
				CLANG_WARN_UNREACHABLE_CODE = YES;
				CLANG_WARN__DUPLICATE_METHOD_MATCH = YES;
				"CODE_SIGN_IDENTITY[sdk=iphoneos*]" = "iPhone Developer";
				COPY_PHASE_STRIP = NO;
				DEBUG_INFORMATION_FORMAT = dwarf;
				ENABLE_STRICT_OBJC_MSGSEND = YES;
				ENABLE_TESTABILITY = YES;
				GCC_C_LANGUAGE_STANDARD = gnu99;
				GCC_DYNAMIC_NO_PIC = NO;
				GCC_NO_COMMON_BLOCKS = YES;
				GCC_OPTIMIZATION_LEVEL = 0;
				GCC_PREPROCESSOR_DEFINITIONS = (
					"DEBUG=1",
					"$(inherited)",
				);
				GCC_WARN_64_TO_32_BIT_CONVERSION = YES;
				GCC_WARN_ABOUT_RETURN_TYPE = YES_ERROR;
				GCC_WARN_UNDECLARED_SELECTOR = YES;
				GCC_WARN_UNINITIALIZED_AUTOS = YES_AGGRESSIVE;
				GCC_WARN_UNUSED_FUNCTION = YES;
				GCC_WARN_UNUSED_VARIABLE = YES;
				IPHONEOS_DEPLOYMENT_TARGET = 9.0;
				MTL_ENABLE_DEBUG_INFO = YES;
				ONLY_ACTIVE_ARCH = YES;
				SDKROOT = iphoneos;
				TARGETED_DEVICE_FAMILY = "1,2";
			};
			name = Debug;
		};
		F4873F711BC619C90055B71F /* Release */ = {
			isa = XCBuildConfiguration;
			buildSettings = {
				ALWAYS_SEARCH_USER_PATHS = NO;
				CLANG_CXX_LANGUAGE_STANDARD = "gnu++0x";
				CLANG_CXX_LIBRARY = "libc++";
				CLANG_ENABLE_MODULES = YES;
				CLANG_ENABLE_OBJC_ARC = YES;
				CLANG_WARN_BOOL_CONVERSION = YES;
				CLANG_WARN_CONSTANT_CONVERSION = YES;
				CLANG_WARN_DIRECT_OBJC_ISA_USAGE = YES_ERROR;
				CLANG_WARN_EMPTY_BODY = YES;
				CLANG_WARN_ENUM_CONVERSION = YES;
				CLANG_WARN_INT_CONVERSION = YES;
				CLANG_WARN_OBJC_ROOT_CLASS = YES_ERROR;
				CLANG_WARN_UNREACHABLE_CODE = YES;
				CLANG_WARN__DUPLICATE_METHOD_MATCH = YES;
				"CODE_SIGN_IDENTITY[sdk=iphoneos*]" = "iPhone Developer";
				COPY_PHASE_STRIP = NO;
				DEBUG_INFORMATION_FORMAT = "dwarf-with-dsym";
				ENABLE_NS_ASSERTIONS = NO;
				ENABLE_STRICT_OBJC_MSGSEND = YES;
				GCC_C_LANGUAGE_STANDARD = gnu99;
				GCC_NO_COMMON_BLOCKS = YES;
				GCC_WARN_64_TO_32_BIT_CONVERSION = YES;
				GCC_WARN_ABOUT_RETURN_TYPE = YES_ERROR;
				GCC_WARN_UNDECLARED_SELECTOR = YES;
				GCC_WARN_UNINITIALIZED_AUTOS = YES_AGGRESSIVE;
				GCC_WARN_UNUSED_FUNCTION = YES;
				GCC_WARN_UNUSED_VARIABLE = YES;
				IPHONEOS_DEPLOYMENT_TARGET = 9.0;
				MTL_ENABLE_DEBUG_INFO = NO;
				SDKROOT = iphoneos;
				TARGETED_DEVICE_FAMILY = "1,2";
				VALIDATE_PRODUCT = YES;
			};
			name = Release;
		};
		F4873F731BC619C90055B71F /* Debug */ = {
			isa = XCBuildConfiguration;
			baseConfigurationReference = D38A7850B48F8E5E161F226F /* Pods-CongRequest.debug.xcconfig */;
			buildSettings = {
				ASSETCATALOG_COMPILER_APPICON_NAME = AppIcon;
				INFOPLIST_FILE = CongRequest/Info.plist;
				IPHONEOS_DEPLOYMENT_TARGET = 8.4;
				LD_RUNPATH_SEARCH_PATHS = "$(inherited) @executable_path/Frameworks";
				PRODUCT_BUNDLE_IDENTIFIER = col.CongRequest;
				PRODUCT_NAME = "$(TARGET_NAME)";
			};
			name = Debug;
		};
		F4873F741BC619C90055B71F /* Release */ = {
			isa = XCBuildConfiguration;
			baseConfigurationReference = 69FD6C2E6D8E5CE1681A35CF /* Pods-CongRequest.release.xcconfig */;
			buildSettings = {
				ASSETCATALOG_COMPILER_APPICON_NAME = AppIcon;
				INFOPLIST_FILE = CongRequest/Info.plist;
				IPHONEOS_DEPLOYMENT_TARGET = 8.4;
				LD_RUNPATH_SEARCH_PATHS = "$(inherited) @executable_path/Frameworks";
				PRODUCT_BUNDLE_IDENTIFIER = col.CongRequest;
				PRODUCT_NAME = "$(TARGET_NAME)";
			};
			name = Release;
		};
		F4873F761BC619C90055B71F /* Debug */ = {
			isa = XCBuildConfiguration;
			buildSettings = {
				BUNDLE_LOADER = "$(TEST_HOST)";
				INFOPLIST_FILE = CongRequestTests/Info.plist;
				LD_RUNPATH_SEARCH_PATHS = "$(inherited) @executable_path/Frameworks @loader_path/Frameworks";
				PRODUCT_BUNDLE_IDENTIFIER = col.CongRequestTests;
				PRODUCT_NAME = "$(TARGET_NAME)";
				TEST_HOST = "$(BUILT_PRODUCTS_DIR)/CongRequest.app/CongRequest";
			};
			name = Debug;
		};
		F4873F771BC619C90055B71F /* Release */ = {
			isa = XCBuildConfiguration;
			buildSettings = {
				BUNDLE_LOADER = "$(TEST_HOST)";
				INFOPLIST_FILE = CongRequestTests/Info.plist;
				LD_RUNPATH_SEARCH_PATHS = "$(inherited) @executable_path/Frameworks @loader_path/Frameworks";
				PRODUCT_BUNDLE_IDENTIFIER = col.CongRequestTests;
				PRODUCT_NAME = "$(TARGET_NAME)";
				TEST_HOST = "$(BUILT_PRODUCTS_DIR)/CongRequest.app/CongRequest";
			};
			name = Release;
		};
		F4873F791BC619C90055B71F /* Debug */ = {
			isa = XCBuildConfiguration;
			buildSettings = {
				INFOPLIST_FILE = CongRequestUITests/Info.plist;
				LD_RUNPATH_SEARCH_PATHS = "$(inherited) @executable_path/Frameworks @loader_path/Frameworks";
				PRODUCT_BUNDLE_IDENTIFIER = col.CongRequestUITests;
				PRODUCT_NAME = "$(TARGET_NAME)";
				TEST_TARGET_NAME = CongRequest;
				USES_XCTRUNNER = YES;
			};
			name = Debug;
		};
		F4873F7A1BC619C90055B71F /* Release */ = {
			isa = XCBuildConfiguration;
			buildSettings = {
				INFOPLIST_FILE = CongRequestUITests/Info.plist;
				LD_RUNPATH_SEARCH_PATHS = "$(inherited) @executable_path/Frameworks @loader_path/Frameworks";
				PRODUCT_BUNDLE_IDENTIFIER = col.CongRequestUITests;
				PRODUCT_NAME = "$(TARGET_NAME)";
				TEST_TARGET_NAME = CongRequest;
				USES_XCTRUNNER = YES;
			};
			name = Release;
		};
/* End XCBuildConfiguration section */

/* Begin XCConfigurationList section */
		F4873F401BC619C90055B71F /* Build configuration list for PBXProject "CongRequest" */ = {
			isa = XCConfigurationList;
			buildConfigurations = (
				F4873F701BC619C90055B71F /* Debug */,
				F4873F711BC619C90055B71F /* Release */,
			);
			defaultConfigurationIsVisible = 0;
			defaultConfigurationName = Release;
		};
		F4873F721BC619C90055B71F /* Build configuration list for PBXNativeTarget "CongRequest" */ = {
			isa = XCConfigurationList;
			buildConfigurations = (
				F4873F731BC619C90055B71F /* Debug */,
				F4873F741BC619C90055B71F /* Release */,
			);
			defaultConfigurationIsVisible = 0;
			defaultConfigurationName = Release;
		};
		F4873F751BC619C90055B71F /* Build configuration list for PBXNativeTarget "CongRequestTests" */ = {
			isa = XCConfigurationList;
			buildConfigurations = (
				F4873F761BC619C90055B71F /* Debug */,
				F4873F771BC619C90055B71F /* Release */,
			);
			defaultConfigurationIsVisible = 0;
			defaultConfigurationName = Release;
		};
		F4873F781BC619C90055B71F /* Build configuration list for PBXNativeTarget "CongRequestUITests" */ = {
			isa = XCConfigurationList;
			buildConfigurations = (
				F4873F791BC619C90055B71F /* Debug */,
				F4873F7A1BC619C90055B71F /* Release */,
			);
			defaultConfigurationIsVisible = 0;
			defaultConfigurationName = Release;
		};
/* End XCConfigurationList section */
	};
	rootObject = F4873F3D1BC619C90055B71F /* Project object */;
}
