PODS:
  - AFDownloadRequestOperation (2.0.1):
    - AFNetworking (~> 2.0)
  - AFNetworking (2.6.0):
    - AFNetworking/NSURLConnection (= 2.6.0)
    - AFNetworking/NSURLSession (= 2.6.0)
    - AFNetworking/Reachability (= 2.6.0)
    - AFNetworking/Security (= 2.6.0)
    - AFNetworking/Serialization (= 2.6.0)
    - AFNetworking/UIKit (= 2.6.0)
  - AFNetworking/NSURLConnection (2.6.0):
    - AFNetworking/Reachability
    - AFNetworking/Security
    - AFNetworking/Serialization
  - AFNetworking/NSURLSession (2.6.0):
    - AFNetworking/Reachability
    - AFNetworking/Security
    - AFNetworking/Serialization
  - AFNetworking/Reachability (2.6.0)
  - AFNetworking/Security (2.6.0)
  - AFNetworking/Serialization (2.6.0)
  - AFNetworking/UIKit (2.6.0):
    - AFNetworking/NSURLConnection
    - AFNetworking/NSURLSession
  - CongRequest (0.0.1):
    - YTKNetwork (~> 0.5.0)
  - YTKNetwork (0.5.0):
    - AFDownloadRequestOperation (~> 2.0)
    - AFNetworking (~> 2.0)

DEPENDENCIES:
  - CongRequest (from `https://github.com/harde1/CongRequest`)

EXTERNAL SOURCES:
  CongRequest:
    :git: https://github.com/harde1/CongRequest

CHECKOUT OPTIONS:
  CongRequest:
    :commit: 9521dcf213388afbb4aa8c91fb2e0ebb2fec43b3
    :git: https://github.com/harde1/CongRequest

SPEC CHECKSUMS:
  AFDownloadRequestOperation: 748a1643423e1ddb23f2178f778087d4f0ae8ac7
  AFNetworking: 79f7eb1a0fcfa7beb409332b2ca49afe9ce53b05
  CongRequest: 9c09d2baa3f586312d4452fd8c181281161455d9
  YTKNetwork: 3f163c181ce5f03d52cf88f39d6757f46894280c

COCOAPODS: 0.38.2
